
Microsoft Visual Studio Solution File, Format Version 12.00
# Visual Studio Version 17
VisualStudioVersion = 17.0.31903.59
MinimumVisualStudioVersion = 10.0.40219.1
Project("{2150E333-8FDC-42A3-9474-1A3956D46DE8}") = "src", "src", "{7DBCFB9D-839D-45AB-A87A-168B63E10A06}"
EndProject
Project("{2150E333-8FDC-42A3-9474-1A3956D46DE8}") = "Domain", "Domain", "{FB06A04B-3E62-4056-92AA-A9F38A05BBD9}"
EndProject
Project("{FAE04EC0-301F-11D3-BF4B-00C04F79EFBC}") = "Domain.Core", "src\Domain\Core\Domain.Core.csproj", "{434E3FAB-A5ED-42C2-8A41-216ADEB89F8A}"
EndProject
Project("{FAE04EC0-301F-11D3-BF4B-00C04F79EFBC}") = "Application", "src\Application\Application.csproj", "{254EAB46-3E06-4C4C-BD20-CF33814AB911}"
EndProject
Project("{2150E333-8FDC-42A3-9474-1A3956D46DE8}") = "Adapters", "Adapters", "{7204F1C6-9A57-4304-BB7C-E9952B6CD258}"
EndProject
Project("{2150E333-8FDC-42A3-9474-1A3956D46DE8}") = "Outbound", "Outbound", "{F309B625-B017-4A7F-B59B-5FCAA5D579B2}"
EndProject
Project("{2150E333-8FDC-42A3-9474-1A3956D46DE8}") = "Persistence", "Persistence", "{8C6D10D8-8A21-4CD5-A812-CC8957754A94}"
EndProject
Project("{FAE04EC0-301F-11D3-BF4B-00C04F79EFBC}") = "Adapters.Outbound.Persistence.SqlServer", "src\Adapters\Outbound\Persistence\SqlServer\Adapters.Outbound.Persistence.SqlServer.csproj", "{37B16DE2-ACF3-4512-9977-3E52F4D548EA}"
EndProject
Project("{2150E333-8FDC-42A3-9474-1A3956D46DE8}") = "Inbound", "Inbound", "{2F35DA35-E5F9-4417-B903-2C6A89CB6DE3}"
EndProject
Project("{FAE04EC0-301F-11D3-BF4B-00C04F79EFBC}") = "Adapters.Inbound.REST", "src\Adapters\Inbound\REST\Adapters.Inbound.REST.csproj", "{66BFDA69-D1B5-4A12-910F-BE484AA20597}"
EndProject
Global
	GlobalSection(SolutionConfigurationPlatforms) = preSolution
		Debug|Any CPU = Debug|Any CPU
		Release|Any CPU = Release|Any CPU
	EndGlobalSection
	GlobalSection(SolutionProperties) = preSolution
		HideSolutionNode = FALSE
	EndGlobalSection
	GlobalSection(ProjectConfigurationPlatforms) = postSolution
		{434E3FAB-A5ED-42C2-8A41-216ADEB89F8A}.Debug|Any CPU.ActiveCfg = Debug|Any CPU
		{434E3FAB-A5ED-42C2-8A41-216ADEB89F8A}.Debug|Any CPU.Build.0 = Debug|Any CPU
		{434E3FAB-A5ED-42C2-8A41-216ADEB89F8A}.Release|Any CPU.ActiveCfg = Release|Any CPU
		{434E3FAB-A5ED-42C2-8A41-216ADEB89F8A}.Release|Any CPU.Build.0 = Release|Any CPU
		{254EAB46-3E06-4C4C-BD20-CF33814AB911}.Debug|Any CPU.ActiveCfg = Debug|Any CPU
		{254EAB46-3E06-4C4C-BD20-CF33814AB911}.Debug|Any CPU.Build.0 = Debug|Any CPU
		{254EAB46-3E06-4C4C-BD20-CF33814AB911}.Release|Any CPU.ActiveCfg = Release|Any CPU
		{254EAB46-3E06-4C4C-BD20-CF33814AB911}.Release|Any CPU.Build.0 = Release|Any CPU
		{37B16DE2-ACF3-4512-9977-3E52F4D548EA}.Debug|Any CPU.ActiveCfg = Debug|Any CPU
		{37B16DE2-ACF3-4512-9977-3E52F4D548EA}.Debug|Any CPU.Build.0 = Debug|Any CPU
		{37B16DE2-ACF3-4512-9977-3E52F4D548EA}.Release|Any CPU.ActiveCfg = Release|Any CPU
		{37B16DE2-ACF3-4512-9977-3E52F4D548EA}.Release|Any CPU.Build.0 = Release|Any CPU
		{66BFDA69-D1B5-4A12-910F-BE484AA20597}.Debug|Any CPU.ActiveCfg = Debug|Any CPU
		{66BFDA69-D1B5-4A12-910F-BE484AA20597}.Debug|Any CPU.Build.0 = Debug|Any CPU
		{66BFDA69-D1B5-4A12-910F-BE484AA20597}.Release|Any CPU.ActiveCfg = Release|Any CPU
		{66BFDA69-D1B5-4A12-910F-BE484AA20597}.Release|Any CPU.Build.0 = Release|Any CPU
	EndGlobalSection
	GlobalSection(NestedProjects) = preSolution
		{FB06A04B-3E62-4056-92AA-A9F38A05BBD9} = {7DBCFB9D-839D-45AB-A87A-168B63E10A06}
		{434E3FAB-A5ED-42C2-8A41-216ADEB89F8A} = {FB06A04B-3E62-4056-92AA-A9F38A05BBD9}
		{254EAB46-3E06-4C4C-BD20-CF33814AB911} = {7DBCFB9D-839D-45AB-A87A-168B63E10A06}
		{7204F1C6-9A57-4304-BB7C-E9952B6CD258} = {7DBCFB9D-839D-45AB-A87A-168B63E10A06}
		{F309B625-B017-4A7F-B59B-5FCAA5D579B2} = {7204F1C6-9A57-4304-BB7C-E9952B6CD258}
		{8C6D10D8-8A21-4CD5-A812-CC8957754A94} = {F309B625-B017-4A7F-B59B-5FCAA5D579B2}
		{37B16DE2-ACF3-4512-9977-3E52F4D548EA} = {8C6D10D8-8A21-4CD5-A812-CC8957754A94}
		{2F35DA35-E5F9-4417-B903-2C6A89CB6DE3} = {7204F1C6-9A57-4304-BB7C-E9952B6CD258}
		{66BFDA69-D1B5-4A12-910F-BE484AA20597} = {2F35DA35-E5F9-4417-B903-2C6A89CB6DE3}
	EndGlobalSection
EndGlobal
